
Microsoft Visual Studio Solution File, Format Version 12.00
# Visual Studio 15
VisualStudioVersion = 15.0.27703.2035
MinimumVisualStudioVersion = 10.0.40219.1
Project("{FAE04EC0-301F-11D3-BF4B-00C04F79EFBC}") = "03.Fiap.Web.MVC", "03.Fiap.Web.MVC\03.Fiap.Web.MVC.csproj", "{D0B06126-1A64-4ECE-98BA-96A9406486C8}"
EndProject
Global
	GlobalSection(SolutionConfigurationPlatforms) = preSolution
		Debug|Any CPU = Debug|Any CPU
		Release|Any CPU = Release|Any CPU
	EndGlobalSection
	GlobalSection(ProjectConfigurationPlatforms) = postSolution
		{D0B06126-1A64-4ECE-98BA-96A9406486C8}.Debug|Any CPU.ActiveCfg = Debug|Any CPU
		{D0B06126-1A64-4ECE-98BA-96A9406486C8}.Debug|Any CPU.Build.0 = Debug|Any CPU
		{D0B06126-1A64-4ECE-98BA-96A9406486C8}.Release|Any CPU.ActiveCfg = Release|Any CPU
		{D0B06126-1A64-4ECE-98BA-96A9406486C8}.Release|Any CPU.Build.0 = Release|Any CPU
	EndGlobalSection
	GlobalSection(SolutionProperties) = preSolution
		HideSolutionNode = FALSE
	EndGlobalSection
	GlobalSection(ExtensibilityGlobals) = postSolution
		SolutionGuid = {2A87A092-DB22-477C-8420-6124A563D47A}
	EndGlobalSection
EndGlobal
