
Microsoft Visual Studio Solution File, Format Version 12.00
# Visual Studio 15
VisualStudioVersion = 15.0.28010.2048
MinimumVisualStudioVersion = 10.0.40219.1
Project("{FAE04EC0-301F-11D3-BF4B-00C04F79EFBC}") = "JogosOnlineV2", "JogosOnlineV2\JogosOnlineV2.csproj", "{D803CE31-F640-4B0B-B862-368635428116}"
EndProject
Global
	GlobalSection(SolutionConfigurationPlatforms) = preSolution
		Debug|Any CPU = Debug|Any CPU
		Release|Any CPU = Release|Any CPU
	EndGlobalSection
	GlobalSection(ProjectConfigurationPlatforms) = postSolution
		{D803CE31-F640-4B0B-B862-368635428116}.Debug|Any CPU.ActiveCfg = Debug|Any CPU
		{D803CE31-F640-4B0B-B862-368635428116}.Debug|Any CPU.Build.0 = Debug|Any CPU
		{D803CE31-F640-4B0B-B862-368635428116}.Release|Any CPU.ActiveCfg = Release|Any CPU
		{D803CE31-F640-4B0B-B862-368635428116}.Release|Any CPU.Build.0 = Release|Any CPU
	EndGlobalSection
	GlobalSection(SolutionProperties) = preSolution
		HideSolutionNode = FALSE
	EndGlobalSection
	GlobalSection(ExtensibilityGlobals) = postSolution
		SolutionGuid = {8CC54104-AED2-4585-90A7-290887E40B2B}
	EndGlobalSection
EndGlobal
